{
  "name": "@iresine/core",
  "version": "1.0.3",
  "lockfileVersion": 2,
  "requires": true,
  "packages": {
    "": {
      "name": "@iresine/core",
      "version": "1.0.3",
      "license": "MIT",
      "dependencies": {
        "@iresine/helpers": "^1.0.3",
        "@iresine/object-path": "^1.0.3"
      }
    },
    "node_modules/@iresine/helpers": {
      "resolved": "../helpers",
      "link": true
    },
    "node_modules/@iresine/object-path": {
      "version": "1.0.3",
      "resolved": "https://registry.npmjs.org/@iresine/object-path/-/object-path-1.0.3.tgz",
      "integrity": "sha512-zv54nm4APb6kWw2OYwZF0iDOju7tb8Vuv2QOWaO5DEFdafZz20MTRs6QjRx1mOX6NswE8/XBmmLKfQ6bJdhvNA==",
      "dependencies": {
        "@iresine/helpers": "^1.0.3"
      }
    }
  },
  "dependencies": {
    "@iresine/helpers": {
      "version": "file:../helpers",
      "dependencies": {
        "@iresine/helpers": {
          "version": "file:../helpers",
          "extraneous": true
        }
      }
    },
    "@iresine/object-path": {
      "version": "1.0.3",
      "resolved": "https://registry.npmjs.org/@iresine/object-path/-/object-path-1.0.3.tgz",
      "integrity": "sha512-zv54nm4APb6kWw2OYwZF0iDOju7tb8Vuv2QOWaO5DEFdafZz20MTRs6QjRx1mOX6NswE8/XBmmLKfQ6bJdhvNA==",
      "requires": {
        "@iresine/helpers": "^1.0.3"
      }
    }
  }
}
