{
  "name": "@iresine/core",
  "version": "1.0.5",
  "lockfileVersion": 2,
  "requires": true,
  "packages": {
    "": {
      "name": "@iresine/core",
      "version": "1.0.4",
      "license": "MIT",
      "dependencies": {
        "@iresine/helpers": "^1.0.4",
        "@iresine/object-path": "^1.0.4"
      }
    },
    "../helpers": {
      "name": "@iresine/helpers",
      "version": "1.0.4",
      "license": "MIT"
    },
    "../helpers/node_modules/@iresine/helpers": {
      "resolved": "../helpers",
      "link": true
    },
    "../object-path": {
      "name": "@iresine/object-path",
      "version": "1.0.4",
      "license": "MIT",
      "dependencies": {
        "@iresine/helpers": "^1.0.4"
      }
    },
    "../object-path/node_modules/@iresine/helpers": {
      "resolved": "../helpers",
      "link": true
    },
    "node_modules/@iresine/helpers": {
      "resolved": "../helpers",
      "link": true
    },
    "node_modules/@iresine/object-path": {
      "resolved": "../object-path",
      "link": true
    }
  },
  "dependencies": {
    "@iresine/helpers": {
      "version": "file:../helpers",
      "dependencies": {
        "@iresine/helpers": {
          "version": "file:../helpers"
        }
      }
    },
    "@iresine/object-path": {
      "version": "file:../object-path",
      "requires": {
        "@iresine/helpers": "^1.0.4"
      },
      "dependencies": {
        "@iresine/helpers": {
          "version": "file:../helpers",
          "dependencies": {
            "@iresine/helpers": {
              "version": "file:../helpers"
            }
          }
        }
      }
    }
  }
}
