{
  "name": "@iresine/core",
  "version": "1.0.5",
  "lockfileVersion": 2,
  "requires": true,
  "packages": {
    "": {
      "name": "@iresine/core",
      "version": "1.0.5",
      "license": "MIT",
      "dependencies": {
        "@iresine/helpers": "^1.0.5",
        "@iresine/object-path": "^1.0.5"
      }
    },
    "node_modules/@iresine/helpers": {
      "resolved": "../helpers",
      "link": true
    },
    "node_modules/@iresine/object-path": {
      "version": "1.0.5",
      "resolved": "https://registry.npmjs.org/@iresine/object-path/-/object-path-1.0.5.tgz",
      "integrity": "sha512-b+4jzg2dZ++/3g1PxQNX0Goo4Z4BuB8/2bVsGyLiyRDspfUc4B3NXZM0XulMKxsBmph4WYPHIv5SorucU4GHTw==",
      "dependencies": {
        "@iresine/helpers": "^1.0.5"
      }
    }
  },
  "dependencies": {
    "@iresine/helpers": {
      "version": "file:../helpers",
      "dependencies": {
        "@iresine/helpers": {
          "version": "file:../helpers",
          "extraneous": true
        }
      }
    },
    "@iresine/object-path": {
      "version": "1.0.5",
      "resolved": "https://registry.npmjs.org/@iresine/object-path/-/object-path-1.0.5.tgz",
      "integrity": "sha512-b+4jzg2dZ++/3g1PxQNX0Goo4Z4BuB8/2bVsGyLiyRDspfUc4B3NXZM0XulMKxsBmph4WYPHIv5SorucU4GHTw==",
      "requires": {
        "@iresine/helpers": "^1.0.5"
      }
    }
  }
}
