{
  "name": "@iresine/react-query",
  "version": "1.0.5",
  "lockfileVersion": 2,
  "requires": true,
  "packages": {
    "": {
      "name": "@iresine/react-query",
      "version": "1.0.4",
      "license": "MIT",
      "dependencies": {
        "@iresine/helpers": "^1.0.4"
      },
      "devDependencies": {
        "@iresine/core": "^1.0.4",
        "react-dom": "^17.0.1",
        "react-query": ">=3.0.0"
      },
      "peerDependencies": {
        "@iresine/core": ">=1.0.0",
        "react-query": ">=3.0.0"
      }
    },
    "../core": {
      "name": "@iresine/core",
      "version": "1.0.4",
      "dev": true,
      "license": "MIT",
      "dependencies": {
        "@iresine/helpers": "^1.0.4",
        "@iresine/object-path": "^1.0.4"
      }
    },
    "../core/node_modules/@iresine/helpers": {
      "resolved": "../helpers",
      "link": true
    },
    "../core/node_modules/@iresine/object-path": {
      "resolved": "../object-path",
      "link": true
    },
    "../helpers": {
      "name": "@iresine/helpers",
      "version": "1.0.4",
      "license": "MIT"
    },
    "../object-path": {
      "name": "@iresine/object-path",
      "version": "1.0.4",
      "dev": true,
      "license": "MIT",
      "dependencies": {
        "@iresine/helpers": "^1.0.4"
      }
    },
    "../object-path/node_modules/@iresine/helpers": {
      "resolved": "../helpers",
      "link": true
    },
    "node_modules/@babel/runtime": {
      "version": "7.12.13",
      "dev": true,
      "license": "MIT",
      "dependencies": {
        "regenerator-runtime": "^0.13.4"
      }
    },
    "node_modules/@iresine/core": {
      "resolved": "../core",
      "link": true
    },
    "node_modules/@iresine/helpers": {
      "resolved": "../helpers",
      "link": true
    },
    "node_modules/balanced-match": {
      "version": "1.0.0",
      "dev": true,
      "license": "MIT"
    },
    "node_modules/big-integer": {
      "version": "1.6.48",
      "dev": true,
      "license": "Unlicense",
      "engines": {
        "node": ">=0.6"
      }
    },
    "node_modules/brace-expansion": {
      "version": "1.1.11",
      "dev": true,
      "license": "MIT",
      "dependencies": {
        "balanced-match": "^1.0.0",
        "concat-map": "0.0.1"
      }
    },
    "node_modules/broadcast-channel": {
      "version": "3.4.1",
      "dev": true,
      "license": "MIT",
      "dependencies": {
        "@babel/runtime": "^7.7.2",
        "detect-node": "^2.0.4",
        "js-sha3": "0.8.0",
        "microseconds": "0.2.0",
        "nano-time": "1.0.0",
        "rimraf": "3.0.2",
        "unload": "2.2.0"
      }
    },
    "node_modules/concat-map": {
      "version": "0.0.1",
      "dev": true,
      "license": "MIT"
    },
    "node_modules/detect-node": {
      "version": "2.0.4",
      "dev": true,
      "license": "ISC"
    },
    "node_modules/fs.realpath": {
      "version": "1.0.0",
      "dev": true,
      "license": "ISC"
    },
    "node_modules/glob": {
      "version": "7.1.6",
      "dev": true,
      "license": "ISC",
      "dependencies": {
        "fs.realpath": "^1.0.0",
        "inflight": "^1.0.4",
        "inherits": "2",
        "minimatch": "^3.0.4",
        "once": "^1.3.0",
        "path-is-absolute": "^1.0.0"
      },
      "engines": {
        "node": "*"
      },
      "funding": {
        "url": "https://github.com/sponsors/isaacs"
      }
    },
    "node_modules/inflight": {
      "version": "1.0.6",
      "dev": true,
      "license": "ISC",
      "dependencies": {
        "once": "^1.3.0",
        "wrappy": "1"
      }
    },
    "node_modules/inherits": {
      "version": "2.0.4",
      "dev": true,
      "license": "ISC"
    },
    "node_modules/js-sha3": {
      "version": "0.8.0",
      "dev": true,
      "license": "MIT"
    },
    "node_modules/js-tokens": {
      "version": "4.0.0",
      "dev": true,
      "license": "MIT"
    },
    "node_modules/loose-envify": {
      "version": "1.4.0",
      "dev": true,
      "license": "MIT",
      "dependencies": {
        "js-tokens": "^3.0.0 || ^4.0.0"
      },
      "bin": {
        "loose-envify": "cli.js"
      }
    },
    "node_modules/match-sorter": {
      "version": "6.2.0",
      "dev": true,
      "license": "MIT",
      "dependencies": {
        "@babel/runtime": "^7.12.5",
        "remove-accents": "0.4.2"
      }
    },
    "node_modules/microseconds": {
      "version": "0.2.0",
      "dev": true,
      "license": "MIT"
    },
    "node_modules/minimatch": {
      "version": "3.0.4",
      "dev": true,
      "license": "ISC",
      "dependencies": {
        "brace-expansion": "^1.1.7"
      },
      "engines": {
        "node": "*"
      }
    },
    "node_modules/nano-time": {
      "version": "1.0.0",
      "dev": true,
      "license": "ISC",
      "dependencies": {
        "big-integer": "^1.6.16"
      }
    },
    "node_modules/object-assign": {
      "version": "4.1.1",
      "dev": true,
      "license": "MIT",
      "engines": {
        "node": ">=0.10.0"
      }
    },
    "node_modules/once": {
      "version": "1.4.0",
      "dev": true,
      "license": "ISC",
      "dependencies": {
        "wrappy": "1"
      }
    },
    "node_modules/path-is-absolute": {
      "version": "1.0.1",
      "dev": true,
      "license": "MIT",
      "engines": {
        "node": ">=0.10.0"
      }
    },
    "node_modules/react": {
      "version": "17.0.1",
      "dev": true,
      "license": "MIT",
      "peer": true,
      "dependencies": {
        "loose-envify": "^1.1.0",
        "object-assign": "^4.1.1"
      },
      "engines": {
        "node": ">=0.10.0"
      }
    },
    "node_modules/react-dom": {
      "version": "17.0.1",
      "resolved": "https://registry.npmjs.org/react-dom/-/react-dom-17.0.1.tgz",
      "integrity": "sha512-6eV150oJZ9U2t9svnsspTMrWNyHc6chX0KzDeAOXftRa8bNeOKTTfCJ7KorIwenkHd2xqVTBTCZd79yk/lx/Ug==",
      "dev": true,
      "dependencies": {
        "loose-envify": "^1.1.0",
        "object-assign": "^4.1.1",
        "scheduler": "^0.20.1"
      },
      "peerDependencies": {
        "react": "17.0.1"
      }
    },
    "node_modules/react-query": {
      "version": "3.12.0",
      "resolved": "https://registry.npmjs.org/react-query/-/react-query-3.12.0.tgz",
      "integrity": "sha512-WJYECeZ6xT2oxIlgqXUjLNLWRvJbeelXscVnAFfyUFgO21OYEYHMWPG61V9W57EUUqrXioQsNPsU9XyddfEvXQ==",
      "dev": true,
      "dependencies": {
        "@babel/runtime": "^7.5.5",
        "broadcast-channel": "^3.4.1",
        "match-sorter": "^6.0.2"
      },
      "funding": {
        "type": "github",
        "url": "https://github.com/sponsors/tannerlinsley"
      },
      "peerDependencies": {
        "react": "^16.8.0 || ^17.0.0"
      },
      "peerDependenciesMeta": {
        "react-dom": {
          "optional": true
        },
        "react-native": {
          "optional": true
        }
      }
    },
    "node_modules/regenerator-runtime": {
      "version": "0.13.7",
      "dev": true,
      "license": "MIT"
    },
    "node_modules/remove-accents": {
      "version": "0.4.2",
      "dev": true,
      "license": "MIT"
    },
    "node_modules/rimraf": {
      "version": "3.0.2",
      "dev": true,
      "license": "ISC",
      "dependencies": {
        "glob": "^7.1.3"
      },
      "bin": {
        "rimraf": "bin.js"
      },
      "funding": {
        "url": "https://github.com/sponsors/isaacs"
      }
    },
    "node_modules/scheduler": {
      "version": "0.20.1",
      "dev": true,
      "license": "MIT",
      "dependencies": {
        "loose-envify": "^1.1.0",
        "object-assign": "^4.1.1"
      }
    },
    "node_modules/unload": {
      "version": "2.2.0",
      "dev": true,
      "license": "Apache-2.0",
      "dependencies": {
        "@babel/runtime": "^7.6.2",
        "detect-node": "^2.0.4"
      }
    },
    "node_modules/wrappy": {
      "version": "1.0.2",
      "dev": true,
      "license": "ISC"
    }
  },
  "dependencies": {
    "@babel/runtime": {
      "version": "7.12.13",
      "dev": true,
      "requires": {
        "regenerator-runtime": "^0.13.4"
      }
    },
    "@iresine/core": {
      "version": "file:../core",
      "requires": {
        "@iresine/helpers": "^1.0.4",
        "@iresine/object-path": "^1.0.4"
      },
      "dependencies": {
        "@iresine/helpers": {
          "version": "file:../helpers"
        },
        "@iresine/object-path": {
          "version": "file:../object-path",
          "requires": {
            "@iresine/helpers": "^1.0.4"
          },
          "dependencies": {
            "@iresine/helpers": {
              "version": "file:../helpers"
            }
          }
        }
      }
    },
    "@iresine/helpers": {
      "version": "file:../helpers"
    },
    "balanced-match": {
      "version": "1.0.0",
      "dev": true
    },
    "big-integer": {
      "version": "1.6.48",
      "dev": true
    },
    "brace-expansion": {
      "version": "1.1.11",
      "dev": true,
      "requires": {
        "balanced-match": "^1.0.0",
        "concat-map": "0.0.1"
      }
    },
    "broadcast-channel": {
      "version": "3.4.1",
      "dev": true,
      "requires": {
        "@babel/runtime": "^7.7.2",
        "detect-node": "^2.0.4",
        "js-sha3": "0.8.0",
        "microseconds": "0.2.0",
        "nano-time": "1.0.0",
        "rimraf": "3.0.2",
        "unload": "2.2.0"
      }
    },
    "concat-map": {
      "version": "0.0.1",
      "dev": true
    },
    "detect-node": {
      "version": "2.0.4",
      "dev": true
    },
    "fs.realpath": {
      "version": "1.0.0",
      "dev": true
    },
    "glob": {
      "version": "7.1.6",
      "dev": true,
      "requires": {
        "fs.realpath": "^1.0.0",
        "inflight": "^1.0.4",
        "inherits": "2",
        "minimatch": "^3.0.4",
        "once": "^1.3.0",
        "path-is-absolute": "^1.0.0"
      }
    },
    "inflight": {
      "version": "1.0.6",
      "dev": true,
      "requires": {
        "once": "^1.3.0",
        "wrappy": "1"
      }
    },
    "inherits": {
      "version": "2.0.4",
      "dev": true
    },
    "js-sha3": {
      "version": "0.8.0",
      "dev": true
    },
    "js-tokens": {
      "version": "4.0.0",
      "dev": true
    },
    "loose-envify": {
      "version": "1.4.0",
      "dev": true,
      "requires": {
        "js-tokens": "^3.0.0 || ^4.0.0"
      }
    },
    "match-sorter": {
      "version": "6.2.0",
      "dev": true,
      "requires": {
        "@babel/runtime": "^7.12.5",
        "remove-accents": "0.4.2"
      }
    },
    "microseconds": {
      "version": "0.2.0",
      "dev": true
    },
    "minimatch": {
      "version": "3.0.4",
      "dev": true,
      "requires": {
        "brace-expansion": "^1.1.7"
      }
    },
    "nano-time": {
      "version": "1.0.0",
      "dev": true,
      "requires": {
        "big-integer": "^1.6.16"
      }
    },
    "object-assign": {
      "version": "4.1.1",
      "dev": true
    },
    "once": {
      "version": "1.4.0",
      "dev": true,
      "requires": {
        "wrappy": "1"
      }
    },
    "path-is-absolute": {
      "version": "1.0.1",
      "dev": true
    },
    "react": {
      "version": "17.0.1",
      "dev": true,
      "peer": true,
      "requires": {
        "loose-envify": "^1.1.0",
        "object-assign": "^4.1.1"
      }
    },
    "react-dom": {
      "version": "17.0.1",
      "resolved": "https://registry.npmjs.org/react-dom/-/react-dom-17.0.1.tgz",
      "integrity": "sha512-6eV150oJZ9U2t9svnsspTMrWNyHc6chX0KzDeAOXftRa8bNeOKTTfCJ7KorIwenkHd2xqVTBTCZd79yk/lx/Ug==",
      "dev": true,
      "requires": {
        "loose-envify": "^1.1.0",
        "object-assign": "^4.1.1",
        "scheduler": "^0.20.1"
      }
    },
    "react-query": {
      "version": "3.12.0",
      "resolved": "https://registry.npmjs.org/react-query/-/react-query-3.12.0.tgz",
      "integrity": "sha512-WJYECeZ6xT2oxIlgqXUjLNLWRvJbeelXscVnAFfyUFgO21OYEYHMWPG61V9W57EUUqrXioQsNPsU9XyddfEvXQ==",
      "dev": true,
      "requires": {
        "@babel/runtime": "^7.5.5",
        "broadcast-channel": "^3.4.1",
        "match-sorter": "^6.0.2"
      }
    },
    "regenerator-runtime": {
      "version": "0.13.7",
      "dev": true
    },
    "remove-accents": {
      "version": "0.4.2",
      "dev": true
    },
    "rimraf": {
      "version": "3.0.2",
      "dev": true,
      "requires": {
        "glob": "^7.1.3"
      }
    },
    "scheduler": {
      "version": "0.20.1",
      "dev": true,
      "requires": {
        "loose-envify": "^1.1.0",
        "object-assign": "^4.1.1"
      }
    },
    "unload": {
      "version": "2.2.0",
      "dev": true,
      "requires": {
        "@babel/runtime": "^7.6.2",
        "detect-node": "^2.0.4"
      }
    },
    "wrappy": {
      "version": "1.0.2",
      "dev": true
    }
  }
}
