{
  "name": "@iresine/react-query",
  "version": "1.0.0",
  "lockfileVersion": 2,
  "requires": true,
  "packages": {
    "": {
      "name": "@iresine/react-query",
      "version": "1.0.0",
      "license": "ISC",
      "devDependencies": {
        "@iresine/core": ">=1.0.0",
        "react-dom": "^17.0.1",
        "react-query": ">=3.0.0"
      },
      "peerDependencies": {
        "@iresine/core": ">=1.0.0",
        "react-query": ">=3.0.0"
      }
    },
    "../core": {
      "name": "@iresine/core",
      "version": "1.0.0",
      "dev": true,
      "license": "ISC",
      "dependencies": {
        "@iresine/utils": "^1.0.0"
      }
    },
    "../core/node_modules/@iresine/utils": {
      "resolved": "../utils",
      "link": true
    },
    "../utils": {
      "name": "@iresine/utils",
      "version": "1.0.0",
      "dev": true,
      "license": "ISC"
    },
    "node_modules/@babel/runtime": {
      "version": "7.12.13",
      "resolved": "https://registry.npmjs.org/@babel/runtime/-/runtime-7.12.13.tgz",
      "integrity": "sha512-8+3UMPBrjFa/6TtKi/7sehPKqfAm4g6K+YQjyyFOLUTxzOngcRZTlAVY8sc2CORJYqdHQY8gRPHmn+qo15rCBw==",
      "dev": true,
      "dependencies": {
        "regenerator-runtime": "^0.13.4"
      }
    },
    "node_modules/@iresine/core": {
      "resolved": "../core",
      "link": true
    },
    "node_modules/js-tokens": {
      "version": "4.0.0",
      "resolved": "https://registry.npmjs.org/js-tokens/-/js-tokens-4.0.0.tgz",
      "integrity": "sha512-RdJUflcE3cUzKiMqQgsCu06FPu9UdIJO0beYbPhHN4k6apgJtifcoCtT9bcxOpYBtpD2kCM6Sbzg4CausW/PKQ==",
      "dev": true
    },
    "node_modules/loose-envify": {
      "version": "1.4.0",
      "resolved": "https://registry.npmjs.org/loose-envify/-/loose-envify-1.4.0.tgz",
      "integrity": "sha512-lyuxPGr/Wfhrlem2CL/UcnUc1zcqKAImBDzukY7Y5F/yQiNdko6+fRLevlw1HgMySw7f611UIY408EtxRSoK3Q==",
      "dev": true,
      "dependencies": {
        "js-tokens": "^3.0.0 || ^4.0.0"
      },
      "bin": {
        "loose-envify": "cli.js"
      }
    },
    "node_modules/match-sorter": {
      "version": "6.2.0",
      "resolved": "https://registry.npmjs.org/match-sorter/-/match-sorter-6.2.0.tgz",
      "integrity": "sha512-yhmUTR5q6JP/ssR1L1y083Wp+C+TdR8LhYTxWI4IRgEUr8IXJu2mE6L3SwryCgX95/5J7qZdEg0G091sOxr1FQ==",
      "dev": true,
      "dependencies": {
        "@babel/runtime": "^7.12.5",
        "remove-accents": "0.4.2"
      }
    },
    "node_modules/object-assign": {
      "version": "4.1.1",
      "resolved": "https://registry.npmjs.org/object-assign/-/object-assign-4.1.1.tgz",
      "integrity": "sha1-IQmtx5ZYh8/AXLvUQsrIv7s2CGM=",
      "dev": true,
      "engines": {
        "node": ">=0.10.0"
      }
    },
    "node_modules/react": {
      "version": "17.0.1",
      "resolved": "https://registry.npmjs.org/react/-/react-17.0.1.tgz",
      "integrity": "sha512-lG9c9UuMHdcAexXtigOZLX8exLWkW0Ku29qPRU8uhF2R9BN96dLCt0psvzPLlHc5OWkgymP3qwTRgbnw5BKx3w==",
      "dev": true,
      "peer": true,
      "dependencies": {
        "loose-envify": "^1.1.0",
        "object-assign": "^4.1.1"
      },
      "engines": {
        "node": ">=0.10.0"
      }
    },
    "node_modules/react-dom": {
      "version": "17.0.1",
      "resolved": "https://registry.npmjs.org/react-dom/-/react-dom-17.0.1.tgz",
      "integrity": "sha512-6eV150oJZ9U2t9svnsspTMrWNyHc6chX0KzDeAOXftRa8bNeOKTTfCJ7KorIwenkHd2xqVTBTCZd79yk/lx/Ug==",
      "dev": true,
      "dependencies": {
        "loose-envify": "^1.1.0",
        "object-assign": "^4.1.1",
        "scheduler": "^0.20.1"
      },
      "peerDependencies": {
        "react": "17.0.1"
      }
    },
    "node_modules/react-query": {
      "version": "3.9.2",
      "resolved": "https://registry.npmjs.org/react-query/-/react-query-3.9.2.tgz",
      "integrity": "sha512-zIY7ePPTjP1Eaai3Cv3LNMhJFKqNGb+QFVi1kQ2cRM754lJ6b500bm6rFP3ZY+7BVqFo3R4atU4GHaNtPt2E5w==",
      "dev": true,
      "dependencies": {
        "@babel/runtime": "^7.5.5",
        "match-sorter": "^6.0.2"
      },
      "funding": {
        "type": "github",
        "url": "https://github.com/sponsors/tannerlinsley"
      },
      "peerDependencies": {
        "react": "^16.8.0 || ^17.0.0"
      },
      "peerDependenciesMeta": {
        "react-dom": {
          "optional": true
        },
        "react-native": {
          "optional": true
        }
      }
    },
    "node_modules/regenerator-runtime": {
      "version": "0.13.7",
      "resolved": "https://registry.npmjs.org/regenerator-runtime/-/regenerator-runtime-0.13.7.tgz",
      "integrity": "sha512-a54FxoJDIr27pgf7IgeQGxmqUNYrcV338lf/6gH456HZ/PhX+5BcwHXG9ajESmwe6WRO0tAzRUrRmNONWgkrew==",
      "dev": true
    },
    "node_modules/remove-accents": {
      "version": "0.4.2",
      "resolved": "https://registry.npmjs.org/remove-accents/-/remove-accents-0.4.2.tgz",
      "integrity": "sha1-CkPTqq4egNuRngeuJUsoXZ4ce7U=",
      "dev": true
    },
    "node_modules/scheduler": {
      "version": "0.20.1",
      "resolved": "https://registry.npmjs.org/scheduler/-/scheduler-0.20.1.tgz",
      "integrity": "sha512-LKTe+2xNJBNxu/QhHvDR14wUXHRQbVY5ZOYpOGWRzhydZUqrLb2JBvLPY7cAqFmqrWuDED0Mjk7013SZiOz6Bw==",
      "dev": true,
      "dependencies": {
        "loose-envify": "^1.1.0",
        "object-assign": "^4.1.1"
      }
    }
  },
  "dependencies": {
    "@babel/runtime": {
      "version": "7.12.13",
      "resolved": "https://registry.npmjs.org/@babel/runtime/-/runtime-7.12.13.tgz",
      "integrity": "sha512-8+3UMPBrjFa/6TtKi/7sehPKqfAm4g6K+YQjyyFOLUTxzOngcRZTlAVY8sc2CORJYqdHQY8gRPHmn+qo15rCBw==",
      "dev": true,
      "requires": {
        "regenerator-runtime": "^0.13.4"
      }
    },
    "@iresine/core": {
      "version": "file:../core",
      "requires": {
        "@iresine/utils": "^1.0.0"
      },
      "dependencies": {
        "@iresine/utils": {
          "version": "file:../utils"
        }
      }
    },
    "js-tokens": {
      "version": "4.0.0",
      "resolved": "https://registry.npmjs.org/js-tokens/-/js-tokens-4.0.0.tgz",
      "integrity": "sha512-RdJUflcE3cUzKiMqQgsCu06FPu9UdIJO0beYbPhHN4k6apgJtifcoCtT9bcxOpYBtpD2kCM6Sbzg4CausW/PKQ==",
      "dev": true
    },
    "loose-envify": {
      "version": "1.4.0",
      "resolved": "https://registry.npmjs.org/loose-envify/-/loose-envify-1.4.0.tgz",
      "integrity": "sha512-lyuxPGr/Wfhrlem2CL/UcnUc1zcqKAImBDzukY7Y5F/yQiNdko6+fRLevlw1HgMySw7f611UIY408EtxRSoK3Q==",
      "dev": true,
      "requires": {
        "js-tokens": "^3.0.0 || ^4.0.0"
      }
    },
    "match-sorter": {
      "version": "6.2.0",
      "resolved": "https://registry.npmjs.org/match-sorter/-/match-sorter-6.2.0.tgz",
      "integrity": "sha512-yhmUTR5q6JP/ssR1L1y083Wp+C+TdR8LhYTxWI4IRgEUr8IXJu2mE6L3SwryCgX95/5J7qZdEg0G091sOxr1FQ==",
      "dev": true,
      "requires": {
        "@babel/runtime": "^7.12.5",
        "remove-accents": "0.4.2"
      }
    },
    "object-assign": {
      "version": "4.1.1",
      "resolved": "https://registry.npmjs.org/object-assign/-/object-assign-4.1.1.tgz",
      "integrity": "sha1-IQmtx5ZYh8/AXLvUQsrIv7s2CGM=",
      "dev": true
    },
    "react": {
      "version": "17.0.1",
      "resolved": "https://registry.npmjs.org/react/-/react-17.0.1.tgz",
      "integrity": "sha512-lG9c9UuMHdcAexXtigOZLX8exLWkW0Ku29qPRU8uhF2R9BN96dLCt0psvzPLlHc5OWkgymP3qwTRgbnw5BKx3w==",
      "dev": true,
      "peer": true,
      "requires": {
        "loose-envify": "^1.1.0",
        "object-assign": "^4.1.1"
      }
    },
    "react-dom": {
      "version": "17.0.1",
      "resolved": "https://registry.npmjs.org/react-dom/-/react-dom-17.0.1.tgz",
      "integrity": "sha512-6eV150oJZ9U2t9svnsspTMrWNyHc6chX0KzDeAOXftRa8bNeOKTTfCJ7KorIwenkHd2xqVTBTCZd79yk/lx/Ug==",
      "dev": true,
      "requires": {
        "loose-envify": "^1.1.0",
        "object-assign": "^4.1.1",
        "scheduler": "^0.20.1"
      }
    },
    "react-query": {
      "version": "3.9.2",
      "resolved": "https://registry.npmjs.org/react-query/-/react-query-3.9.2.tgz",
      "integrity": "sha512-zIY7ePPTjP1Eaai3Cv3LNMhJFKqNGb+QFVi1kQ2cRM754lJ6b500bm6rFP3ZY+7BVqFo3R4atU4GHaNtPt2E5w==",
      "dev": true,
      "requires": {
        "@babel/runtime": "^7.5.5",
        "match-sorter": "^6.0.2"
      }
    },
    "regenerator-runtime": {
      "version": "0.13.7",
      "resolved": "https://registry.npmjs.org/regenerator-runtime/-/regenerator-runtime-0.13.7.tgz",
      "integrity": "sha512-a54FxoJDIr27pgf7IgeQGxmqUNYrcV338lf/6gH456HZ/PhX+5BcwHXG9ajESmwe6WRO0tAzRUrRmNONWgkrew==",
      "dev": true
    },
    "remove-accents": {
      "version": "0.4.2",
      "resolved": "https://registry.npmjs.org/remove-accents/-/remove-accents-0.4.2.tgz",
      "integrity": "sha1-CkPTqq4egNuRngeuJUsoXZ4ce7U=",
      "dev": true
    },
    "scheduler": {
      "version": "0.20.1",
      "resolved": "https://registry.npmjs.org/scheduler/-/scheduler-0.20.1.tgz",
      "integrity": "sha512-LKTe+2xNJBNxu/QhHvDR14wUXHRQbVY5ZOYpOGWRzhydZUqrLb2JBvLPY7cAqFmqrWuDED0Mjk7013SZiOz6Bw==",
      "dev": true,
      "requires": {
        "loose-envify": "^1.1.0",
        "object-assign": "^4.1.1"
      }
    }
  }
}
